{
  "version": 4,
  "terraform_version": "1.11.1",
  "serial": 15,
  "lineage": "9426d241-9887-1234-8dab-1793e84358b0",
  "outputs": {
    "service_url": {
      "value": "https://claim-genie-mha4s7stfa-el.a.run.app",
      "type": "string"
    }
  },
  "resources": [
    {
      "mode": "managed",
      "type": "google_cloud_run_service",
      "name": "default",
      "provider": "provider[\"registry.terraform.io/hashicorp/google\"]",
      "instances": [
        {
          "schema_version": 1,
          "attributes": {
            "autogenerate_revision_name": true,
            "id": "locations/asia-south1/namespaces/boot41/services/claim-genie",
            "location": "asia-south1",
            "metadata": [
              {
                "annotations": {
                  "run.googleapis.com/ingress": "all",
                  "run.googleapis.com/ingress-status": "all",
                  "run.googleapis.com/operation-id": "9821bac3-732a-49c3-b26d-8e045916c61c",
                  "run.googleapis.com/urls": "[\"https://claim-genie-956506160468.asia-south1.run.app\",\"https://claim-genie-mha4s7stfa-el.a.run.app\"]",
                  "serving.knative.dev/creator": "tanishq.rinjay@think41.com",
                  "serving.knative.dev/lastModifier": "tanishq.rinjay@think41.com"
                },
                "generation": 2,
                "labels": {
                  "cloud.googleapis.com/location": "asia-south1",
                  "run.googleapis.com/satisfiesPzs": "true"
                },
                "namespace": "boot41",
                "resource_version": "AAYv9iPZVCE",
                "self_link": "/apis/serving.knative.dev/v1/namespaces/956506160468/services/claim-genie",
                "uid": "2ef4125a-8c92-49c7-bbc5-cd0ec5b70926"
              }
            ],
            "name": "claim-genie",
            "project": "boot41",
            "status": [
              {
                "conditions": [
                  {
                    "message": "",
                    "reason": "",
                    "status": "True",
                    "type": "Ready"
                  },
                  {
                    "message": "",
                    "reason": "",
                    "status": "True",
                    "type": "ConfigurationsReady"
                  },
                  {
                    "message": "",
                    "reason": "",
                    "status": "True",
                    "type": "RoutesReady"
                  }
                ],
                "latest_created_revision_name": "claim-genie-00002-8q9",
                "latest_ready_revision_name": "claim-genie-00002-8q9",
                "observed_generation": 2,
                "traffic": [
                  {
                    "latest_revision": true,
                    "percent": 100,
                    "revision_name": "claim-genie-00002-8q9",
                    "tag": "",
                    "url": ""
                  }
                ],
                "url": "https://claim-genie-mha4s7stfa-el.a.run.app"
              }
            ],
            "template": [
              {
                "metadata": [
                  {
                    "annotations": {
                      "autoscaling.knative.dev/maxScale": "1",
                      "autoscaling.knative.dev/minScale": "0"
                    },
                    "generation": 0,
                    "labels": {
                      "run.googleapis.com/startupProbeType": "Default"
                    },
                    "name": "",
                    "namespace": "",
                    "resource_version": "",
                    "self_link": "",
                    "uid": ""
                  }
                ],
                "spec": [
                  {
                    "container_concurrency": 80,
                    "containers": [
                      {
                        "args": [],
                        "command": [],
                        "env": [
                          {
                            "name": "DB_NAME",
                            "value": "sample.sqlite3",
                            "value_from": []
                          },
                          {
                            "name": "DEBUG",
                            "value": "false",
                            "value_from": []
                          },
                          {
                            "name": "LOG_LEVEL",
                            "value": "info",
                            "value_from": []
                          }
                        ],
                        "env_from": [],
                        "image": "asia-south1-docker.pkg.dev/boot41/a3/claim-genie2:latest",
                        "liveness_probe": [],
                        "name": "",
                        "ports": [
                          {
                            "container_port": 8000,
                            "name": "http1",
                            "protocol": ""
                          }
                        ],
                        "resources": [
                          {
                            "limits": {
                              "cpu": "1",
                              "memory": "128Mi"
                            },
                            "requests": {}
                          }
                        ],
                        "startup_probe": [
                          {
                            "failure_threshold": 1,
                            "grpc": [],
                            "http_get": [],
                            "initial_delay_seconds": 0,
                            "period_seconds": 240,
                            "tcp_socket": [
                              {
                                "port": 8000
                              }
                            ],
                            "timeout_seconds": 240
                          }
                        ],
                        "volume_mounts": [],
                        "working_dir": ""
                      }
                    ],
                    "service_account_name": "956506160468-compute@developer.gserviceaccount.com",
                    "serving_state": "",
                    "timeout_seconds": 300,
                    "volumes": []
                  }
                ]
              }
            ],
            "timeouts": null,
            "traffic": [
              {
                "latest_revision": true,
                "percent": 100,
                "revision_name": "",
                "tag": "",
                "url": ""
              }
            ]
          },
          "sensitive_attributes": [],
          "private": "eyJlMmJmYjczMC1lY2FhLTExZTYtOGY4OC0zNDM2M2JjN2M0YzAiOnsiY3JlYXRlIjoxMjAwMDAwMDAwMDAwLCJkZWxldGUiOjEyMDAwMDAwMDAwMDAsInVwZGF0ZSI6MTIwMDAwMDAwMDAwMH0sInNjaGVtYV92ZXJzaW9uIjoiMSJ9"
        }
      ]
    },
    {
      "mode": "managed",
      "type": "google_cloud_run_service_iam_member",
      "name": "public",
      "provider": "provider[\"registry.terraform.io/hashicorp/google\"]",
      "instances": [
        {
          "schema_version": 0,
          "attributes": {
            "condition": [],
            "etag": "BwYvwL5UFhM=",
            "id": "v1/projects/boot41/locations/asia-south1/services/claim-genie/roles/run.invoker/allUsers",
            "location": "asia-south1",
            "member": "allUsers",
            "project": "boot41",
            "role": "roles/run.invoker",
            "service": "v1/projects/boot41/locations/asia-south1/services/claim-genie"
          },
          "sensitive_attributes": [],
          "private": "bnVsbA==",
          "dependencies": [
            "google_cloud_run_service.default"
          ]
        }
      ]
    }
  ],
  "check_results": null
}
